DEPENDENCIES
  chef-sugar
  gerrit
    path: .
    metadata: true
  postgresql (~> 3.3)

GRAPH
  apache2 (3.1.0)
  apt (2.7.0)
  build-essential (2.2.3)
  chef-sugar (3.1.1)
  chef_handler (1.2.0)
  database (4.0.6)
    postgresql (>= 1.0.0)
  dmg (2.2.2)
  gerrit (0.4.7)
    apache2 (~> 3.1.0)
    database (~> 4.0.6)
    git (~> 4.2.2)
    java (~> 1.31.0)
    mysql (~> 6.1.0)
  git (4.2.2)
    build-essential (>= 0.0.0)
    dmg (>= 0.0.0)
    windows (>= 0.0.0)
    yum-epel (>= 0.0.0)
  java (1.31.0)
  mysql (6.1.0)
    smf (>= 0.0.0)
    yum-mysql-community (>= 0.0.0)
  openssl (4.0.0)
    chef-sugar (>= 0.0.0)
  postgresql (3.4.20)
    apt (>= 1.9.0)
    build-essential (>= 0.0.0)
    openssl (~> 4.0.0)
  rbac (1.0.3)
  smf (2.2.7)
    rbac (>= 1.0.1)
  windows (1.37.0)
    chef_handler (>= 0.0.0)
  yum (3.6.3)
  yum-epel (0.6.2)
    yum (~> 3.2)
  yum-mysql-community (0.1.17)
    yum (>= 3.0)
